// !$*UTF8*$!
{
	archiveVersion = 1;
	classes = {
	};
	objectVersion = 56;
	objects = {

/* Begin PBXBuildFile section */
		B4DC81363F8DD000BB90B485 /* Pods_z3_4.framework in Frameworks */ = {isa = PBXBuildFile; fileRef = F037F050B7AAE921FEB297BC /* Pods_z3_4.framework */; };
		D10D421C29F8168A005D0D37 /* MainController.swift in Sources */ = {isa = PBXBuildFile; fileRef = D10D421B29F8168A005D0D37 /* MainController.swift */; };
		D10D421F29F8179B005D0D37 /* NetworkManager.swift in Sources */ = {isa = PBXBuildFile; fileRef = D10D421E29F8179B005D0D37 /* NetworkManager.swift */; };
		D10D422129FA747F005D0D37 /* TabarController.swift in Sources */ = {isa = PBXBuildFile; fileRef = D10D422029FA747F005D0D37 /* TabarController.swift */; };
		D10D422329FA7517005D0D37 /* FavouriteViewController.swift in Sources */ = {isa = PBXBuildFile; fileRef = D10D422229FA7517005D0D37 /* FavouriteViewController.swift */; };
		D10D422729FA80DA005D0D37 /* Kingfisher in Frameworks */ = {isa = PBXBuildFile; productRef = D10D422629FA80DA005D0D37 /* Kingfisher */; };
		D19F47BA29F147440029489B /* AppDelegate.swift in Sources */ = {isa = PBXBuildFile; fileRef = D19F47B929F147440029489B /* AppDelegate.swift */; };
		D19F47BC29F147440029489B /* SceneDelegate.swift in Sources */ = {isa = PBXBuildFile; fileRef = D19F47BB29F147440029489B /* SceneDelegate.swift */; };
		D19F47BE29F147440029489B /* ViewController.swift in Sources */ = {isa = PBXBuildFile; fileRef = D19F47BD29F147440029489B /* ViewController.swift */; };
		D19F47C129F147440029489B /* Main.storyboard in Resources */ = {isa = PBXBuildFile; fileRef = D19F47BF29F147440029489B /* Main.storyboard */; };
		D19F47C329F147450029489B /* Assets.xcassets in Resources */ = {isa = PBXBuildFile; fileRef = D19F47C229F147450029489B /* Assets.xcassets */; };
		D19F47C629F147450029489B /* LaunchScreen.storyboard in Resources */ = {isa = PBXBuildFile; fileRef = D19F47C429F147450029489B /* LaunchScreen.storyboard */; };
		D19F47CE29F148790029489B /* MainModel.swift in Sources */ = {isa = PBXBuildFile; fileRef = D19F47CD29F148790029489B /* MainModel.swift */; };
		D19F47D029F150E20029489B /* ProductCell.swift in Sources */ = {isa = PBXBuildFile; fileRef = D19F47CF29F150E20029489B /* ProductCell.swift */; };
/* End PBXBuildFile section */

/* Begin PBXFileReference section */
		41DC7EC5C8773122D51782C6 /* Pods-z3.4.debug.xcconfig */ = {isa = PBXFileReference; includeInIndex = 1; lastKnownFileType = text.xcconfig; name = "Pods-z3.4.debug.xcconfig"; path = "Target Support Files/Pods-z3.4/Pods-z3.4.debug.xcconfig"; sourceTree = "<group>"; };
		A0096D8C1FA04A9AE2A022CE /* Pods-z3.4.release.xcconfig */ = {isa = PBXFileReference; includeInIndex = 1; lastKnownFileType = text.xcconfig; name = "Pods-z3.4.release.xcconfig"; path = "Target Support Files/Pods-z3.4/Pods-z3.4.release.xcconfig"; sourceTree = "<group>"; };
		D10D421B29F8168A005D0D37 /* MainController.swift */ = {isa = PBXFileReference; lastKnownFileType = sourcecode.swift; path = MainController.swift; sourceTree = "<group>"; };
		D10D421E29F8179B005D0D37 /* NetworkManager.swift */ = {isa = PBXFileReference; lastKnownFileType = sourcecode.swift; path = NetworkManager.swift; sourceTree = "<group>"; };
		D10D422029FA747F005D0D37 /* TabarController.swift */ = {isa = PBXFileReference; lastKnownFileType = sourcecode.swift; path = TabarController.swift; sourceTree = "<group>"; };
		D10D422229FA7517005D0D37 /* FavouriteViewController.swift */ = {isa = PBXFileReference; lastKnownFileType = sourcecode.swift; path = FavouriteViewController.swift; sourceTree = "<group>"; };
		D19F47B629F147440029489B /* z3.4.app */ = {isa = PBXFileReference; explicitFileType = wrapper.application; includeInIndex = 0; path = z3.4.app; sourceTree = BUILT_PRODUCTS_DIR; };
		D19F47B929F147440029489B /* AppDelegate.swift */ = {isa = PBXFileReference; lastKnownFileType = sourcecode.swift; path = AppDelegate.swift; sourceTree = "<group>"; };
		D19F47BB29F147440029489B /* SceneDelegate.swift */ = {isa = PBXFileReference; lastKnownFileType = sourcecode.swift; path = SceneDelegate.swift; sourceTree = "<group>"; };
		D19F47BD29F147440029489B /* ViewController.swift */ = {isa = PBXFileReference; lastKnownFileType = sourcecode.swift; path = ViewController.swift; sourceTree = "<group>"; };
		D19F47C029F147440029489B /* Base */ = {isa = PBXFileReference; lastKnownFileType = file.storyboard; name = Base; path = Base.lproj/Main.storyboard; sourceTree = "<group>"; };
		D19F47C229F147450029489B /* Assets.xcassets */ = {isa = PBXFileReference; lastKnownFileType = folder.assetcatalog; path = Assets.xcassets; sourceTree = "<group>"; };
		D19F47C529F147450029489B /* Base */ = {isa = PBXFileReference; lastKnownFileType = file.storyboard; name = Base; path = Base.lproj/LaunchScreen.storyboard; sourceTree = "<group>"; };
		D19F47C729F147450029489B /* Info.plist */ = {isa = PBXFileReference; lastKnownFileType = text.plist.xml; path = Info.plist; sourceTree = "<group>"; };
		D19F47CD29F148790029489B /* MainModel.swift */ = {isa = PBXFileReference; lastKnownFileType = sourcecode.swift; path = MainModel.swift; sourceTree = "<group>"; };
		D19F47CF29F150E20029489B /* ProductCell.swift */ = {isa = PBXFileReference; lastKnownFileType = sourcecode.swift; path = ProductCell.swift; sourceTree = "<group>"; };
		F037F050B7AAE921FEB297BC /* Pods_z3_4.framework */ = {isa = PBXFileReference; explicitFileType = wrapper.framework; includeInIndex = 0; path = Pods_z3_4.framework; sourceTree = BUILT_PRODUCTS_DIR; };
/* End PBXFileReference section */

/* Begin PBXFrameworksBuildPhase section */
		D19F47B329F147440029489B /* Frameworks */ = {
			isa = PBXFrameworksBuildPhase;
			buildActionMask = 2147483647;
			files = (
				D10D422729FA80DA005D0D37 /* Kingfisher in Frameworks */,
				B4DC81363F8DD000BB90B485 /* Pods_z3_4.framework in Frameworks */,
			);
			runOnlyForDeploymentPostprocessing = 0;
		};
/* End PBXFrameworksBuildPhase section */

/* Begin PBXGroup section */
		AB2C677A5BDE4348107676B2 /* Pods */ = {
			isa = PBXGroup;
			children = (
				41DC7EC5C8773122D51782C6 /* Pods-z3.4.debug.xcconfig */,
				A0096D8C1FA04A9AE2A022CE /* Pods-z3.4.release.xcconfig */,
			);
			path = Pods;
			sourceTree = "<group>";
		};
		AEDE8CA9BA1E4DBBD207E799 /* Frameworks */ = {
			isa = PBXGroup;
			children = (
				F037F050B7AAE921FEB297BC /* Pods_z3_4.framework */,
			);
			name = Frameworks;
			sourceTree = "<group>";
		};
		D10D421A29F815F4005D0D37 /* Main */ = {
			isa = PBXGroup;
			children = (
				D19F47BD29F147440029489B /* ViewController.swift */,
				D19F47CD29F148790029489B /* MainModel.swift */,
				D10D421B29F8168A005D0D37 /* MainController.swift */,
				D19F47CF29F150E20029489B /* ProductCell.swift */,
			);
			path = Main;
			sourceTree = "<group>";
		};
		D10D421D29F81791005D0D37 /* NetworkManager */ = {
			isa = PBXGroup;
			children = (
				D10D421E29F8179B005D0D37 /* NetworkManager.swift */,
			);
			path = NetworkManager;
			sourceTree = "<group>";
		};
		D10D422429FA7583005D0D37 /* Favourite */ = {
			isa = PBXGroup;
			children = (
				D10D422229FA7517005D0D37 /* FavouriteViewController.swift */,
			);
			path = Favourite;
			sourceTree = "<group>";
		};
		D19F47AD29F147440029489B = {
			isa = PBXGroup;
			children = (
				D19F47B829F147440029489B /* z3.4 */,
				D19F47B729F147440029489B /* Products */,
				AB2C677A5BDE4348107676B2 /* Pods */,
				AEDE8CA9BA1E4DBBD207E799 /* Frameworks */,
			);
			sourceTree = "<group>";
		};
		D19F47B729F147440029489B /* Products */ = {
			isa = PBXGroup;
			children = (
				D19F47B629F147440029489B /* z3.4.app */,
			);
			name = Products;
			sourceTree = "<group>";
		};
		D19F47B829F147440029489B /* z3.4 */ = {
			isa = PBXGroup;
			children = (
				D10D422429FA7583005D0D37 /* Favourite */,
				D10D421D29F81791005D0D37 /* NetworkManager */,
				D10D421A29F815F4005D0D37 /* Main */,
				D19F47B929F147440029489B /* AppDelegate.swift */,
				D19F47BB29F147440029489B /* SceneDelegate.swift */,
				D19F47BF29F147440029489B /* Main.storyboard */,
				D19F47C229F147450029489B /* Assets.xcassets */,
				D19F47C429F147450029489B /* LaunchScreen.storyboard */,
				D19F47C729F147450029489B /* Info.plist */,
				D10D422029FA747F005D0D37 /* TabarController.swift */,
			);
			path = z3.4;
			sourceTree = "<group>";
		};
/* End PBXGroup section */

/* Begin PBXNativeTarget section */
		D19F47B529F147440029489B /* z3.4 */ = {
			isa = PBXNativeTarget;
			buildConfigurationList = D19F47CA29F147450029489B /* Build configuration list for PBXNativeTarget "z3.4" */;
			buildPhases = (
				61394B92E20EAA062248BE4F /* [CP] Check Pods Manifest.lock */,
				D19F47B229F147440029489B /* Sources */,
				D19F47B329F147440029489B /* Frameworks */,
				D19F47B429F147440029489B /* Resources */,
				1C948CD1BFDB621D823322FE /* [CP] Embed Pods Frameworks */,
			);
			buildRules = (
			);
			dependencies = (
			);
			name = z3.4;
			packageProductDependencies = (
				D10D422629FA80DA005D0D37 /* Kingfisher */,
			);
			productName = z3.4;
			productReference = D19F47B629F147440029489B /* z3.4.app */;
			productType = "com.apple.product-type.application";
		};
/* End PBXNativeTarget section */

/* Begin PBXProject section */
		D19F47AE29F147440029489B /* Project object */ = {
			isa = PBXProject;
			attributes = {
				BuildIndependentTargetsInParallel = 1;
				LastSwiftUpdateCheck = 1430;
				LastUpgradeCheck = 1430;
				TargetAttributes = {
					D19F47B529F147440029489B = {
						CreatedOnToolsVersion = 14.3;
					};
				};
			};
			buildConfigurationList = D19F47B129F147440029489B /* Build configuration list for PBXProject "z3.4" */;
			compatibilityVersion = "Xcode 14.0";
			developmentRegion = en;
			hasScannedForEncodings = 0;
			knownRegions = (
				en,
				Base,
			);
			mainGroup = D19F47AD29F147440029489B;
			packageReferences = (
				D10D422529FA80D9005D0D37 /* XCRemoteSwiftPackageReference "Kingfisher" */,
			);
			productRefGroup = D19F47B729F147440029489B /* Products */;
			projectDirPath = "";
			projectRoot = "";
			targets = (
				D19F47B529F147440029489B /* z3.4 */,
			);
		};
/* End PBXProject section */

/* Begin PBXResourcesBuildPhase section */
		D19F47B429F147440029489B /* Resources */ = {
			isa = PBXResourcesBuildPhase;
			buildActionMask = 2147483647;
			files = (
				D19F47C629F147450029489B /* LaunchScreen.storyboard in Resources */,
				D19F47C329F147450029489B /* Assets.xcassets in Resources */,
				D19F47C129F147440029489B /* Main.storyboard in Resources */,
			);
			runOnlyForDeploymentPostprocessing = 0;
		};
/* End PBXResourcesBuildPhase section */

/* Begin PBXShellScriptBuildPhase section */
		1C948CD1BFDB621D823322FE /* [CP] Embed Pods Frameworks */ = {
			isa = PBXShellScriptBuildPhase;
			buildActionMask = 2147483647;
			files = (
			);
			inputFileListPaths = (
				"${PODS_ROOT}/Target Support Files/Pods-z3.4/Pods-z3.4-frameworks-${CONFIGURATION}-input-files.xcfilelist",
			);
			name = "[CP] Embed Pods Frameworks";
			outputFileListPaths = (
				"${PODS_ROOT}/Target Support Files/Pods-z3.4/Pods-z3.4-frameworks-${CONFIGURATION}-output-files.xcfilelist",
			);
			runOnlyForDeploymentPostprocessing = 0;
			shellPath = /bin/sh;
			shellScript = "\"${PODS_ROOT}/Target Support Files/Pods-z3.4/Pods-z3.4-frameworks.sh\"\n";
			showEnvVarsInLog = 0;
		};
		61394B92E20EAA062248BE4F /* [CP] Check Pods Manifest.lock */ = {
			isa = PBXShellScriptBuildPhase;
			buildActionMask = 2147483647;
			files = (
			);
			inputFileListPaths = (
			);
			inputPaths = (
				"${PODS_PODFILE_DIR_PATH}/Podfile.lock",
				"${PODS_ROOT}/Manifest.lock",
			);
			name = "[CP] Check Pods Manifest.lock";
			outputFileListPaths = (
			);
			outputPaths = (
				"$(DERIVED_FILE_DIR)/Pods-z3.4-checkManifestLockResult.txt",
			);
			runOnlyForDeploymentPostprocessing = 0;
			shellPath = /bin/sh;
			shellScript = "diff \"${PODS_PODFILE_DIR_PATH}/Podfile.lock\" \"${PODS_ROOT}/Manifest.lock\" > /dev/null\nif [ $? != 0 ] ; then\n    # print error to STDERR\n    echo \"error: The sandbox is not in sync with the Podfile.lock. Run 'pod install' or update your CocoaPods installation.\" >&2\n    exit 1\nfi\n# This output is used by Xcode 'outputs' to avoid re-running this script phase.\necho \"SUCCESS\" > \"${SCRIPT_OUTPUT_FILE_0}\"\n";
			showEnvVarsInLog = 0;
		};
/* End PBXShellScriptBuildPhase section */

/* Begin PBXSourcesBuildPhase section */
		D19F47B229F147440029489B /* Sources */ = {
			isa = PBXSourcesBuildPhase;
			buildActionMask = 2147483647;
			files = (
				D19F47BE29F147440029489B /* ViewController.swift in Sources */,
				D19F47CE29F148790029489B /* MainModel.swift in Sources */,
				D19F47D029F150E20029489B /* ProductCell.swift in Sources */,
				D10D421F29F8179B005D0D37 /* NetworkManager.swift in Sources */,
				D10D422329FA7517005D0D37 /* FavouriteViewController.swift in Sources */,
				D19F47BA29F147440029489B /* AppDelegate.swift in Sources */,
				D10D421C29F8168A005D0D37 /* MainController.swift in Sources */,
				D10D422129FA747F005D0D37 /* TabarController.swift in Sources */,
				D19F47BC29F147440029489B /* SceneDelegate.swift in Sources */,
			);
			runOnlyForDeploymentPostprocessing = 0;
		};
/* End PBXSourcesBuildPhase section */

/* Begin PBXVariantGroup section */
		D19F47BF29F147440029489B /* Main.storyboard */ = {
			isa = PBXVariantGroup;
			children = (
				D19F47C029F147440029489B /* Base */,
			);
			name = Main.storyboard;
			sourceTree = "<group>";
		};
		D19F47C429F147450029489B /* LaunchScreen.storyboard */ = {
			isa = PBXVariantGroup;
			children = (
				D19F47C529F147450029489B /* Base */,
			);
			name = LaunchScreen.storyboard;
			sourceTree = "<group>";
		};
/* End PBXVariantGroup section */

/* Begin XCBuildConfiguration section */
		D19F47C829F147450029489B /* Debug */ = {
			isa = XCBuildConfiguration;
			buildSettings = {
				ALWAYS_SEARCH_USER_PATHS = NO;
				CLANG_ANALYZER_NONNULL = YES;
				CLANG_ANALYZER_NUMBER_OBJECT_CONVERSION = YES_AGGRESSIVE;
				CLANG_CXX_LANGUAGE_STANDARD = "gnu++20";
				CLANG_ENABLE_MODULES = YES;
				CLANG_ENABLE_OBJC_ARC = YES;
				CLANG_ENABLE_OBJC_WEAK = YES;
				CLANG_WARN_BLOCK_CAPTURE_AUTORELEASING = YES;
				CLANG_WARN_BOOL_CONVERSION = YES;
				CLANG_WARN_COMMA = YES;
				CLANG_WARN_CONSTANT_CONVERSION = YES;
				CLANG_WARN_DEPRECATED_OBJC_IMPLEMENTATIONS = YES;
				CLANG_WARN_DIRECT_OBJC_ISA_USAGE = YES_ERROR;
				CLANG_WARN_DOCUMENTATION_COMMENTS = YES;
				CLANG_WARN_EMPTY_BODY = YES;
				CLANG_WARN_ENUM_CONVERSION = YES;
				CLANG_WARN_INFINITE_RECURSION = YES;
				CLANG_WARN_INT_CONVERSION = YES;
				CLANG_WARN_NON_LITERAL_NULL_CONVERSION = YES;
				CLANG_WARN_OBJC_IMPLICIT_RETAIN_SELF = YES;
				CLANG_WARN_OBJC_LITERAL_CONVERSION = YES;
				CLANG_WARN_OBJC_ROOT_CLASS = YES_ERROR;
				CLANG_WARN_QUOTED_INCLUDE_IN_FRAMEWORK_HEADER = YES;
				CLANG_WARN_RANGE_LOOP_ANALYSIS = YES;
				CLANG_WARN_STRICT_PROTOTYPES = YES;
				CLANG_WARN_SUSPICIOUS_MOVE = YES;
				CLANG_WARN_UNGUARDED_AVAILABILITY = YES_AGGRESSIVE;
				CLANG_WARN_UNREACHABLE_CODE = YES;
				CLANG_WARN__DUPLICATE_METHOD_MATCH = YES;
				COPY_PHASE_STRIP = NO;
				DEBUG_INFORMATION_FORMAT = dwarf;
				ENABLE_STRICT_OBJC_MSGSEND = YES;
				ENABLE_TESTABILITY = YES;
				GCC_C_LANGUAGE_STANDARD = gnu11;
				GCC_DYNAMIC_NO_PIC = NO;
				GCC_NO_COMMON_BLOCKS = YES;
				GCC_OPTIMIZATION_LEVEL = 0;
				GCC_PREPROCESSOR_DEFINITIONS = (
					"DEBUG=1",
					"$(inherited)",
				);
				GCC_WARN_64_TO_32_BIT_CONVERSION = YES;
				GCC_WARN_ABOUT_RETURN_TYPE = YES_ERROR;
				GCC_WARN_UNDECLARED_SELECTOR = YES;
				GCC_WARN_UNINITIALIZED_AUTOS = YES_AGGRESSIVE;
				GCC_WARN_UNUSED_FUNCTION = YES;
				GCC_WARN_UNUSED_VARIABLE = YES;
				IPHONEOS_DEPLOYMENT_TARGET = 16.4;
				MTL_ENABLE_DEBUG_INFO = INCLUDE_SOURCE;
				MTL_FAST_MATH = YES;
				ONLY_ACTIVE_ARCH = YES;
				SDKROOT = iphoneos;
				SWIFT_ACTIVE_COMPILATION_CONDITIONS = DEBUG;
				SWIFT_OPTIMIZATION_LEVEL = "-Onone";
			};
			name = Debug;
		};
		D19F47C929F147450029489B /* Release */ = {
			isa = XCBuildConfiguration;
			buildSettings = {
				ALWAYS_SEARCH_USER_PATHS = NO;
				CLANG_ANALYZER_NONNULL = YES;
				CLANG_ANALYZER_NUMBER_OBJECT_CONVERSION = YES_AGGRESSIVE;
				CLANG_CXX_LANGUAGE_STANDARD = "gnu++20";
				CLANG_ENABLE_MODULES = YES;
				CLANG_ENABLE_OBJC_ARC = YES;
				CLANG_ENABLE_OBJC_WEAK = YES;
				CLANG_WARN_BLOCK_CAPTURE_AUTORELEASING = YES;
				CLANG_WARN_BOOL_CONVERSION = YES;
				CLANG_WARN_COMMA = YES;
				CLANG_WARN_CONSTANT_CONVERSION = YES;
				CLANG_WARN_DEPRECATED_OBJC_IMPLEMENTATIONS = YES;
				CLANG_WARN_DIRECT_OBJC_ISA_USAGE = YES_ERROR;
				CLANG_WARN_DOCUMENTATION_COMMENTS = YES;
				CLANG_WARN_EMPTY_BODY = YES;
				CLANG_WARN_ENUM_CONVERSION = YES;
				CLANG_WARN_INFINITE_RECURSION = YES;
				CLANG_WARN_INT_CONVERSION = YES;
				CLANG_WARN_NON_LITERAL_NULL_CONVERSION = YES;
				CLANG_WARN_OBJC_IMPLICIT_RETAIN_SELF = YES;
				CLANG_WARN_OBJC_LITERAL_CONVERSION = YES;
				CLANG_WARN_OBJC_ROOT_CLASS = YES_ERROR;
				CLANG_WARN_QUOTED_INCLUDE_IN_FRAMEWORK_HEADER = YES;
				CLANG_WARN_RANGE_LOOP_ANALYSIS = YES;
				CLANG_WARN_STRICT_PROTOTYPES = YES;
				CLANG_WARN_SUSPICIOUS_MOVE = YES;
				CLANG_WARN_UNGUARDED_AVAILABILITY = YES_AGGRESSIVE;
				CLANG_WARN_UNREACHABLE_CODE = YES;
				CLANG_WARN__DUPLICATE_METHOD_MATCH = YES;
				COPY_PHASE_STRIP = NO;
				DEBUG_INFORMATION_FORMAT = "dwarf-with-dsym";
				ENABLE_NS_ASSERTIONS = NO;
				ENABLE_STRICT_OBJC_MSGSEND = YES;
				GCC_C_LANGUAGE_STANDARD = gnu11;
				GCC_NO_COMMON_BLOCKS = YES;
				GCC_WARN_64_TO_32_BIT_CONVERSION = YES;
				GCC_WARN_ABOUT_RETURN_TYPE = YES_ERROR;
				GCC_WARN_UNDECLARED_SELECTOR = YES;
				GCC_WARN_UNINITIALIZED_AUTOS = YES_AGGRESSIVE;
				GCC_WARN_UNUSED_FUNCTION = YES;
				GCC_WARN_UNUSED_VARIABLE = YES;
				IPHONEOS_DEPLOYMENT_TARGET = 16.4;
				MTL_ENABLE_DEBUG_INFO = NO;
				MTL_FAST_MATH = YES;
				SDKROOT = iphoneos;
				SWIFT_COMPILATION_MODE = wholemodule;
				SWIFT_OPTIMIZATION_LEVEL = "-O";
				VALIDATE_PRODUCT = YES;
			};
			name = Release;
		};
		D19F47CB29F147450029489B /* Debug */ = {
			isa = XCBuildConfiguration;
			baseConfigurationReference = 41DC7EC5C8773122D51782C6 /* Pods-z3.4.debug.xcconfig */;
			buildSettings = {
				ASSETCATALOG_COMPILER_APPICON_NAME = AppIcon;
				ASSETCATALOG_COMPILER_GLOBAL_ACCENT_COLOR_NAME = AccentColor;
				CODE_SIGN_STYLE = Automatic;
				CURRENT_PROJECT_VERSION = 1;
				GENERATE_INFOPLIST_FILE = YES;
				INFOPLIST_FILE = z3.4/Info.plist;
				INFOPLIST_KEY_UIApplicationSupportsIndirectInputEvents = YES;
				INFOPLIST_KEY_UILaunchStoryboardName = LaunchScreen;
				INFOPLIST_KEY_UISupportedInterfaceOrientations_iPad = "UIInterfaceOrientationPortrait UIInterfaceOrientationPortraitUpsideDown UIInterfaceOrientationLandscapeLeft UIInterfaceOrientationLandscapeRight";
				INFOPLIST_KEY_UISupportedInterfaceOrientations_iPhone = "UIInterfaceOrientationPortrait UIInterfaceOrientationLandscapeLeft UIInterfaceOrientationLandscapeRight";
				LD_RUNPATH_SEARCH_PATHS = (
					"$(inherited)",
					"@executable_path/Frameworks",
				);
				MARKETING_VERSION = 1.0;
				PRODUCT_BUNDLE_IDENTIFIER = "swe.z3-4";
				PRODUCT_NAME = "$(TARGET_NAME)";
				SWIFT_EMIT_LOC_STRINGS = YES;
				SWIFT_VERSION = 5.0;
				TARGETED_DEVICE_FAMILY = "1,2";
			};
			name = Debug;
		};
		D19F47CC29F147450029489B /* Release */ = {
			isa = XCBuildConfiguration;
			baseConfigurationReference = A0096D8C1FA04A9AE2A022CE /* Pods-z3.4.release.xcconfig */;
			buildSettings = {
				ASSETCATALOG_COMPILER_APPICON_NAME = AppIcon;
				ASSETCATALOG_COMPILER_GLOBAL_ACCENT_COLOR_NAME = AccentColor;
				CODE_SIGN_STYLE = Automatic;
				CURRENT_PROJECT_VERSION = 1;
				GENERATE_INFOPLIST_FILE = YES;
				INFOPLIST_FILE = z3.4/Info.plist;
				INFOPLIST_KEY_UIApplicationSupportsIndirectInputEvents = YES;
				INFOPLIST_KEY_UILaunchStoryboardName = LaunchScreen;
				INFOPLIST_KEY_UISupportedInterfaceOrientations_iPad = "UIInterfaceOrientationPortrait UIInterfaceOrientationPortraitUpsideDown UIInterfaceOrientationLandscapeLeft UIInterfaceOrientationLandscapeRight";
				INFOPLIST_KEY_UISupportedInterfaceOrientations_iPhone = "UIInterfaceOrientationPortrait UIInterfaceOrientationLandscapeLeft UIInterfaceOrientationLandscapeRight";
				LD_RUNPATH_SEARCH_PATHS = (
					"$(inherited)",
					"@executable_path/Frameworks",
				);
				MARKETING_VERSION = 1.0;
				PRODUCT_BUNDLE_IDENTIFIER = "swe.z3-4";
				PRODUCT_NAME = "$(TARGET_NAME)";
				SWIFT_EMIT_LOC_STRINGS = YES;
				SWIFT_VERSION = 5.0;
				TARGETED_DEVICE_FAMILY = "1,2";
			};
			name = Release;
		};
/* End XCBuildConfiguration section */

/* Begin XCConfigurationList section */
		D19F47B129F147440029489B /* Build configuration list for PBXProject "z3.4" */ = {
			isa = XCConfigurationList;
			buildConfigurations = (
				D19F47C829F147450029489B /* Debug */,
				D19F47C929F147450029489B /* Release */,
			);
			defaultConfigurationIsVisible = 0;
			defaultConfigurationName = Release;
		};
		D19F47CA29F147450029489B /* Build configuration list for PBXNativeTarget "z3.4" */ = {
			isa = XCConfigurationList;
			buildConfigurations = (
				D19F47CB29F147450029489B /* Debug */,
				D19F47CC29F147450029489B /* Release */,
			);
			defaultConfigurationIsVisible = 0;
			defaultConfigurationName = Release;
		};
/* End XCConfigurationList section */

/* Begin XCRemoteSwiftPackageReference section */
		D10D422529FA80D9005D0D37 /* XCRemoteSwiftPackageReference "Kingfisher" */ = {
			isa = XCRemoteSwiftPackageReference;
			repositoryURL = "https://github.com/onevcat/Kingfisher";
			requirement = {
				kind = upToNextMajorVersion;
				minimumVersion = 7.0.0;
			};
		};
/* End XCRemoteSwiftPackageReference section */

/* Begin XCSwiftPackageProductDependency section */
		D10D422629FA80DA005D0D37 /* Kingfisher */ = {
			isa = XCSwiftPackageProductDependency;
			package = D10D422529FA80D9005D0D37 /* XCRemoteSwiftPackageReference "Kingfisher" */;
			productName = Kingfisher;
		};
/* End XCSwiftPackageProductDependency section */
	};
	rootObject = D19F47AE29F147440029489B /* Project object */;
}
